
Microsoft Visual Studio Solution File, Format Version 12.00
# Visual Studio Version 17
VisualStudioVersion = 17.14.36717.8 d17.14
MinimumVisualStudioVersion = 10.0.40219.1
Project("{FAE04EC0-301F-11D3-BF4B-00C04F79EFBC}") = "visnam.pos.api", "visnam.pos\visnam.pos.api.csproj", "{4D5DDDA9-4C1D-472C-91C9-B2FC22DD0085}"
EndProject
Project("{FAE04EC0-301F-11D3-BF4B-00C04F79EFBC}") = "visnam.pos.dal", "visnam.pos.dal\visnam.pos.dal.csproj", "{F52336C5-FBBB-4FF9-8EFB-43F59F7CBCD2}"
EndProject
Project("{FAE04EC0-301F-11D3-BF4B-00C04F79EFBC}") = "visnam.pos.bll", "visnam.pos.bll\visnam.pos.bll.csproj", "{7ECA3582-FBB1-4355-93E2-664DFA23E62F}"
EndProject
Global
	GlobalSection(SolutionConfigurationPlatforms) = preSolution
		Debug|Any CPU = Debug|Any CPU
		Release|Any CPU = Release|Any CPU
	EndGlobalSection
	GlobalSection(ProjectConfigurationPlatforms) = postSolution
		{4D5DDDA9-4C1D-472C-91C9-B2FC22DD0085}.Debug|Any CPU.ActiveCfg = Debug|Any CPU
		{4D5DDDA9-4C1D-472C-91C9-B2FC22DD0085}.Debug|Any CPU.Build.0 = Debug|Any CPU
		{4D5DDDA9-4C1D-472C-91C9-B2FC22DD0085}.Release|Any CPU.ActiveCfg = Release|Any CPU
		{4D5DDDA9-4C1D-472C-91C9-B2FC22DD0085}.Release|Any CPU.Build.0 = Release|Any CPU
		{F52336C5-FBBB-4FF9-8EFB-43F59F7CBCD2}.Debug|Any CPU.ActiveCfg = Debug|Any CPU
		{F52336C5-FBBB-4FF9-8EFB-43F59F7CBCD2}.Debug|Any CPU.Build.0 = Debug|Any CPU
		{F52336C5-FBBB-4FF9-8EFB-43F59F7CBCD2}.Release|Any CPU.ActiveCfg = Release|Any CPU
		{F52336C5-FBBB-4FF9-8EFB-43F59F7CBCD2}.Release|Any CPU.Build.0 = Release|Any CPU
		{7ECA3582-FBB1-4355-93E2-664DFA23E62F}.Debug|Any CPU.ActiveCfg = Debug|Any CPU
		{7ECA3582-FBB1-4355-93E2-664DFA23E62F}.Debug|Any CPU.Build.0 = Debug|Any CPU
		{7ECA3582-FBB1-4355-93E2-664DFA23E62F}.Release|Any CPU.ActiveCfg = Release|Any CPU
		{7ECA3582-FBB1-4355-93E2-664DFA23E62F}.Release|Any CPU.Build.0 = Release|Any CPU
	EndGlobalSection
	GlobalSection(SolutionProperties) = preSolution
		HideSolutionNode = FALSE
	EndGlobalSection
	GlobalSection(ExtensibilityGlobals) = postSolution
		SolutionGuid = {AC5EFD0B-367B-42E8-B311-76569B9215F3}
	EndGlobalSection
EndGlobal
